// !$*UTF8*$!
{
	archiveVersion = 1;
	classes = {
	};
	objectVersion = 56;
	objects = {

/* Begin PBXBuildFile section */
		18D7660229D30194005AA047 /* segmentation_8bit.mlmodel in Sources */ = {isa = PBXBuildFile; fileRef = 18D7660129D30194005AA047 /* segmentation_8bit.mlmodel */; };
		18D7660429D323BF005AA047 /* music.aac in Resources */ = {isa = PBXBuildFile; fileRef = 18D7660329D323BF005AA047 /* music.aac */; };
		18DE0CBA29D1BAF500C0FACF /* AppDelegate.swift in Sources */ = {isa = PBXBuildFile; fileRef = 18DE0CB929D1BAF500C0FACF /* AppDelegate.swift */; };
		18DE0CBE29D1BAF500C0FACF /* ViewController.swift in Sources */ = {isa = PBXBuildFile; fileRef = 18DE0CBD29D1BAF500C0FACF /* ViewController.swift */; };
		18DE0CC329D1BAF700C0FACF /* Assets.xcassets in Resources */ = {isa = PBXBuildFile; fileRef = 18DE0CC229D1BAF700C0FACF /* Assets.xcassets */; };
		18DE0CC629D1BAF700C0FACF /* LaunchScreen.storyboard in Resources */ = {isa = PBXBuildFile; fileRef = 18DE0CC429D1BAF700C0FACF /* LaunchScreen.storyboard */; };
		18DE0CCE29D1BC3600C0FACF /* DeepLabV3.mlmodel in Sources */ = {isa = PBXBuildFile; fileRef = 18DE0CCD29D1BC3600C0FACF /* DeepLabV3.mlmodel */; };
		18DE0CE229D1BE6600C0FACF /* Array+Extensions.swift in Sources */ = {isa = PBXBuildFile; fileRef = 18DE0CD129D1BE6600C0FACF /* Array+Extensions.swift */; };
		18DE0CE329D1BE6600C0FACF /* Math.swift in Sources */ = {isa = PBXBuildFile; fileRef = 18DE0CD229D1BE6600C0FACF /* Math.swift */; };
		18DE0CE429D1BE6600C0FACF /* UIImage+CVPixelBuffer.swift in Sources */ = {isa = PBXBuildFile; fileRef = 18DE0CD329D1BE6600C0FACF /* UIImage+CVPixelBuffer.swift */; };
		18DE0CE529D1BE6600C0FACF /* Predictions.swift in Sources */ = {isa = PBXBuildFile; fileRef = 18DE0CD429D1BE6600C0FACF /* Predictions.swift */; };
		18DE0CE629D1BE6600C0FACF /* UIImage+Extensions.swift in Sources */ = {isa = PBXBuildFile; fileRef = 18DE0CD529D1BE6600C0FACF /* UIImage+Extensions.swift */; };
		18DE0CE729D1BE6600C0FACF /* CGImagePropertyOrientation.swift in Sources */ = {isa = PBXBuildFile; fileRef = 18DE0CD629D1BE6600C0FACF /* CGImagePropertyOrientation.swift */; };
		18DE0CE829D1BE6600C0FACF /* UIImage+RawBytes.swift in Sources */ = {isa = PBXBuildFile; fileRef = 18DE0CD729D1BE6600C0FACF /* UIImage+RawBytes.swift */; };
		18DE0CE929D1BE6600C0FACF /* MLMultiArray+Helpers.swift in Sources */ = {isa = PBXBuildFile; fileRef = 18DE0CD829D1BE6600C0FACF /* MLMultiArray+Helpers.swift */; };
		18DE0CEA29D1BE6600C0FACF /* MLModel+Images.swift in Sources */ = {isa = PBXBuildFile; fileRef = 18DE0CD929D1BE6600C0FACF /* MLModel+Images.swift */; };
		18DE0CEB29D1BE6600C0FACF /* CoreML+Combine.swift in Sources */ = {isa = PBXBuildFile; fileRef = 18DE0CDA29D1BE6600C0FACF /* CoreML+Combine.swift */; };
		18DE0CEC29D1BE6600C0FACF /* CVPixelBuffer+Create.swift in Sources */ = {isa = PBXBuildFile; fileRef = 18DE0CDB29D1BE6600C0FACF /* CVPixelBuffer+Create.swift */; };
		18DE0CED29D1BE6600C0FACF /* CGImage+CVPixelBuffer.swift in Sources */ = {isa = PBXBuildFile; fileRef = 18DE0CDC29D1BE6600C0FACF /* CGImage+CVPixelBuffer.swift */; };
		18DE0CEE29D1BE6600C0FACF /* NonMaxSuppression.swift in Sources */ = {isa = PBXBuildFile; fileRef = 18DE0CDD29D1BE6600C0FACF /* NonMaxSuppression.swift */; };
		18DE0CEF29D1BE6600C0FACF /* CGImage+RawBytes.swift in Sources */ = {isa = PBXBuildFile; fileRef = 18DE0CDE29D1BE6600C0FACF /* CGImage+RawBytes.swift */; };
		18DE0CF029D1BE6600C0FACF /* MLMultiArray+Image.swift in Sources */ = {isa = PBXBuildFile; fileRef = 18DE0CDF29D1BE6600C0FACF /* MLMultiArray+Image.swift */; };
		18DE0CF129D1BE6600C0FACF /* CVPixelBuffer+Resize.swift in Sources */ = {isa = PBXBuildFile; fileRef = 18DE0CE029D1BE6600C0FACF /* CVPixelBuffer+Resize.swift */; };
		18DE0CF229D1BE6600C0FACF /* CVPixelBuffer+Rotate.swift in Sources */ = {isa = PBXBuildFile; fileRef = 18DE0CE129D1BE6600C0FACF /* CVPixelBuffer+Rotate.swift */; };
		18DE0CF629D1C2EC00C0FACF /* CIImage+Extensions.swift in Sources */ = {isa = PBXBuildFile; fileRef = 18DE0CF529D1C2EC00C0FACF /* CIImage+Extensions.swift */; };
		18DE0CFA29D1E80400C0FACF /* UIImage+extension.swift in Sources */ = {isa = PBXBuildFile; fileRef = 18DE0CF929D1E80400C0FACF /* UIImage+extension.swift */; };
/* End PBXBuildFile section */

/* Begin PBXFileReference section */
		18D7660129D30194005AA047 /* segmentation_8bit.mlmodel */ = {isa = PBXFileReference; lastKnownFileType = file.mlmodel; path = segmentation_8bit.mlmodel; sourceTree = "<group>"; };
		18D7660329D323BF005AA047 /* music.aac */ = {isa = PBXFileReference; lastKnownFileType = file; path = music.aac; sourceTree = "<group>"; };
		18DE0CB629D1BAF500C0FACF /* CoreMLTestApp.app */ = {isa = PBXFileReference; explicitFileType = wrapper.application; includeInIndex = 0; path = CoreMLTestApp.app; sourceTree = BUILT_PRODUCTS_DIR; };
		18DE0CB929D1BAF500C0FACF /* AppDelegate.swift */ = {isa = PBXFileReference; lastKnownFileType = sourcecode.swift; path = AppDelegate.swift; sourceTree = "<group>"; };
		18DE0CBD29D1BAF500C0FACF /* ViewController.swift */ = {isa = PBXFileReference; lastKnownFileType = sourcecode.swift; path = ViewController.swift; sourceTree = "<group>"; };
		18DE0CC229D1BAF700C0FACF /* Assets.xcassets */ = {isa = PBXFileReference; lastKnownFileType = folder.assetcatalog; path = Assets.xcassets; sourceTree = "<group>"; };
		18DE0CC529D1BAF700C0FACF /* Base */ = {isa = PBXFileReference; lastKnownFileType = file.storyboard; name = Base; path = Base.lproj/LaunchScreen.storyboard; sourceTree = "<group>"; };
		18DE0CC729D1BAF700C0FACF /* Info.plist */ = {isa = PBXFileReference; lastKnownFileType = text.plist.xml; path = Info.plist; sourceTree = "<group>"; };
		18DE0CCD29D1BC3600C0FACF /* DeepLabV3.mlmodel */ = {isa = PBXFileReference; lastKnownFileType = file.mlmodel; path = DeepLabV3.mlmodel; sourceTree = "<group>"; };
		18DE0CD129D1BE6600C0FACF /* Array+Extensions.swift */ = {isa = PBXFileReference; fileEncoding = 4; lastKnownFileType = sourcecode.swift; path = "Array+Extensions.swift"; sourceTree = "<group>"; };
		18DE0CD229D1BE6600C0FACF /* Math.swift */ = {isa = PBXFileReference; fileEncoding = 4; lastKnownFileType = sourcecode.swift; path = Math.swift; sourceTree = "<group>"; };
		18DE0CD329D1BE6600C0FACF /* UIImage+CVPixelBuffer.swift */ = {isa = PBXFileReference; fileEncoding = 4; lastKnownFileType = sourcecode.swift; path = "UIImage+CVPixelBuffer.swift"; sourceTree = "<group>"; };
		18DE0CD429D1BE6600C0FACF /* Predictions.swift */ = {isa = PBXFileReference; fileEncoding = 4; lastKnownFileType = sourcecode.swift; path = Predictions.swift; sourceTree = "<group>"; };
		18DE0CD529D1BE6600C0FACF /* UIImage+Extensions.swift */ = {isa = PBXFileReference; fileEncoding = 4; lastKnownFileType = sourcecode.swift; path = "UIImage+Extensions.swift"; sourceTree = "<group>"; };
		18DE0CD629D1BE6600C0FACF /* CGImagePropertyOrientation.swift */ = {isa = PBXFileReference; fileEncoding = 4; lastKnownFileType = sourcecode.swift; path = CGImagePropertyOrientation.swift; sourceTree = "<group>"; };
		18DE0CD729D1BE6600C0FACF /* UIImage+RawBytes.swift */ = {isa = PBXFileReference; fileEncoding = 4; lastKnownFileType = sourcecode.swift; path = "UIImage+RawBytes.swift"; sourceTree = "<group>"; };
		18DE0CD829D1BE6600C0FACF /* MLMultiArray+Helpers.swift */ = {isa = PBXFileReference; fileEncoding = 4; lastKnownFileType = sourcecode.swift; path = "MLMultiArray+Helpers.swift"; sourceTree = "<group>"; };
		18DE0CD929D1BE6600C0FACF /* MLModel+Images.swift */ = {isa = PBXFileReference; fileEncoding = 4; lastKnownFileType = sourcecode.swift; path = "MLModel+Images.swift"; sourceTree = "<group>"; };
		18DE0CDA29D1BE6600C0FACF /* CoreML+Combine.swift */ = {isa = PBXFileReference; fileEncoding = 4; lastKnownFileType = sourcecode.swift; path = "CoreML+Combine.swift"; sourceTree = "<group>"; };
		18DE0CDB29D1BE6600C0FACF /* CVPixelBuffer+Create.swift */ = {isa = PBXFileReference; fileEncoding = 4; lastKnownFileType = sourcecode.swift; path = "CVPixelBuffer+Create.swift"; sourceTree = "<group>"; };
		18DE0CDC29D1BE6600C0FACF /* CGImage+CVPixelBuffer.swift */ = {isa = PBXFileReference; fileEncoding = 4; lastKnownFileType = sourcecode.swift; path = "CGImage+CVPixelBuffer.swift"; sourceTree = "<group>"; };
		18DE0CDD29D1BE6600C0FACF /* NonMaxSuppression.swift */ = {isa = PBXFileReference; fileEncoding = 4; lastKnownFileType = sourcecode.swift; path = NonMaxSuppression.swift; sourceTree = "<group>"; };
		18DE0CDE29D1BE6600C0FACF /* CGImage+RawBytes.swift */ = {isa = PBXFileReference; fileEncoding = 4; lastKnownFileType = sourcecode.swift; path = "CGImage+RawBytes.swift"; sourceTree = "<group>"; };
		18DE0CDF29D1BE6600C0FACF /* MLMultiArray+Image.swift */ = {isa = PBXFileReference; fileEncoding = 4; lastKnownFileType = sourcecode.swift; path = "MLMultiArray+Image.swift"; sourceTree = "<group>"; };
		18DE0CE029D1BE6600C0FACF /* CVPixelBuffer+Resize.swift */ = {isa = PBXFileReference; fileEncoding = 4; lastKnownFileType = sourcecode.swift; path = "CVPixelBuffer+Resize.swift"; sourceTree = "<group>"; };
		18DE0CE129D1BE6600C0FACF /* CVPixelBuffer+Rotate.swift */ = {isa = PBXFileReference; fileEncoding = 4; lastKnownFileType = sourcecode.swift; path = "CVPixelBuffer+Rotate.swift"; sourceTree = "<group>"; };
		18DE0CF529D1C2EC00C0FACF /* CIImage+Extensions.swift */ = {isa = PBXFileReference; lastKnownFileType = sourcecode.swift; path = "CIImage+Extensions.swift"; sourceTree = "<group>"; };
		18DE0CF929D1E80400C0FACF /* UIImage+extension.swift */ = {isa = PBXFileReference; lastKnownFileType = sourcecode.swift; path = "UIImage+extension.swift"; sourceTree = "<group>"; };
/* End PBXFileReference section */

/* Begin PBXFrameworksBuildPhase section */
		18DE0CB329D1BAF500C0FACF /* Frameworks */ = {
			isa = PBXFrameworksBuildPhase;
			buildActionMask = 2147483647;
			files = (
			);
			runOnlyForDeploymentPostprocessing = 0;
		};
/* End PBXFrameworksBuildPhase section */

/* Begin PBXGroup section */
		18DE0CAD29D1BAF500C0FACF = {
			isa = PBXGroup;
			children = (
				18DE0CB829D1BAF500C0FACF /* CoreMLTestApp */,
				18DE0CB729D1BAF500C0FACF /* Products */,
			);
			sourceTree = "<group>";
		};
		18DE0CB729D1BAF500C0FACF /* Products */ = {
			isa = PBXGroup;
			children = (
				18DE0CB629D1BAF500C0FACF /* CoreMLTestApp.app */,
			);
			name = Products;
			sourceTree = "<group>";
		};
		18DE0CB829D1BAF500C0FACF /* CoreMLTestApp */ = {
			isa = PBXGroup;
			children = (
				18DE0CD029D1BE6600C0FACF /* CoreMLHelpers */,
				18DE0CCF29D1BD6700C0FACF /* ML Models */,
				18DE0CF529D1C2EC00C0FACF /* CIImage+Extensions.swift */,
				18DE0CF929D1E80400C0FACF /* UIImage+extension.swift */,
				18DE0CB929D1BAF500C0FACF /* AppDelegate.swift */,
				18DE0CBD29D1BAF500C0FACF /* ViewController.swift */,
				18D7660329D323BF005AA047 /* music.aac */,
				18DE0CC229D1BAF700C0FACF /* Assets.xcassets */,
				18DE0CC429D1BAF700C0FACF /* LaunchScreen.storyboard */,
				18DE0CC729D1BAF700C0FACF /* Info.plist */,
			);
			path = CoreMLTestApp;
			sourceTree = "<group>";
		};
		18DE0CCF29D1BD6700C0FACF /* ML Models */ = {
			isa = PBXGroup;
			children = (
				18D7660129D30194005AA047 /* segmentation_8bit.mlmodel */,
				18DE0CCD29D1BC3600C0FACF /* DeepLabV3.mlmodel */,
			);
			path = "ML Models";
			sourceTree = "<group>";
		};
		18DE0CD029D1BE6600C0FACF /* CoreMLHelpers */ = {
			isa = PBXGroup;
			children = (
				18DE0CD129D1BE6600C0FACF /* Array+Extensions.swift */,
				18DE0CD229D1BE6600C0FACF /* Math.swift */,
				18DE0CD329D1BE6600C0FACF /* UIImage+CVPixelBuffer.swift */,
				18DE0CD429D1BE6600C0FACF /* Predictions.swift */,
				18DE0CD529D1BE6600C0FACF /* UIImage+Extensions.swift */,
				18DE0CD629D1BE6600C0FACF /* CGImagePropertyOrientation.swift */,
				18DE0CD729D1BE6600C0FACF /* UIImage+RawBytes.swift */,
				18DE0CD829D1BE6600C0FACF /* MLMultiArray+Helpers.swift */,
				18DE0CD929D1BE6600C0FACF /* MLModel+Images.swift */,
				18DE0CDA29D1BE6600C0FACF /* CoreML+Combine.swift */,
				18DE0CDB29D1BE6600C0FACF /* CVPixelBuffer+Create.swift */,
				18DE0CDC29D1BE6600C0FACF /* CGImage+CVPixelBuffer.swift */,
				18DE0CDD29D1BE6600C0FACF /* NonMaxSuppression.swift */,
				18DE0CDE29D1BE6600C0FACF /* CGImage+RawBytes.swift */,
				18DE0CDF29D1BE6600C0FACF /* MLMultiArray+Image.swift */,
				18DE0CE029D1BE6600C0FACF /* CVPixelBuffer+Resize.swift */,
				18DE0CE129D1BE6600C0FACF /* CVPixelBuffer+Rotate.swift */,
			);
			path = CoreMLHelpers;
			sourceTree = "<group>";
		};
/* End PBXGroup section */

/* Begin PBXNativeTarget section */
		18DE0CB529D1BAF500C0FACF /* CoreMLTestApp */ = {
			isa = PBXNativeTarget;
			buildConfigurationList = 18DE0CCA29D1BAF700C0FACF /* Build configuration list for PBXNativeTarget "CoreMLTestApp" */;
			buildPhases = (
				18DE0CB229D1BAF500C0FACF /* Sources */,
				18DE0CB329D1BAF500C0FACF /* Frameworks */,
				18DE0CB429D1BAF500C0FACF /* Resources */,
			);
			buildRules = (
			);
			dependencies = (
			);
			name = CoreMLTestApp;
			productName = CoreMLTestApp;
			productReference = 18DE0CB629D1BAF500C0FACF /* CoreMLTestApp.app */;
			productType = "com.apple.product-type.application";
		};
/* End PBXNativeTarget section */

/* Begin PBXProject section */
		18DE0CAE29D1BAF500C0FACF /* Project object */ = {
			isa = PBXProject;
			attributes = {
				BuildIndependentTargetsInParallel = 1;
				LastSwiftUpdateCheck = 1420;
				LastUpgradeCheck = 1420;
				TargetAttributes = {
					18DE0CB529D1BAF500C0FACF = {
						CreatedOnToolsVersion = 14.2;
					};
				};
			};
			buildConfigurationList = 18DE0CB129D1BAF500C0FACF /* Build configuration list for PBXProject "CoreMLTestApp" */;
			compatibilityVersion = "Xcode 14.0";
			developmentRegion = en;
			hasScannedForEncodings = 0;
			knownRegions = (
				en,
				Base,
			);
			mainGroup = 18DE0CAD29D1BAF500C0FACF;
			packageReferences = (
			);
			productRefGroup = 18DE0CB729D1BAF500C0FACF /* Products */;
			projectDirPath = "";
			projectRoot = "";
			targets = (
				18DE0CB529D1BAF500C0FACF /* CoreMLTestApp */,
			);
		};
/* End PBXProject section */

/* Begin PBXResourcesBuildPhase section */
		18DE0CB429D1BAF500C0FACF /* Resources */ = {
			isa = PBXResourcesBuildPhase;
			buildActionMask = 2147483647;
			files = (
				18DE0CC629D1BAF700C0FACF /* LaunchScreen.storyboard in Resources */,
				18DE0CC329D1BAF700C0FACF /* Assets.xcassets in Resources */,
				18D7660429D323BF005AA047 /* music.aac in Resources */,
			);
			runOnlyForDeploymentPostprocessing = 0;
		};
/* End PBXResourcesBuildPhase section */

/* Begin PBXSourcesBuildPhase section */
		18DE0CB229D1BAF500C0FACF /* Sources */ = {
			isa = PBXSourcesBuildPhase;
			buildActionMask = 2147483647;
			files = (
				18DE0CED29D1BE6600C0FACF /* CGImage+CVPixelBuffer.swift in Sources */,
				18DE0CBE29D1BAF500C0FACF /* ViewController.swift in Sources */,
				18DE0CE729D1BE6600C0FACF /* CGImagePropertyOrientation.swift in Sources */,
				18DE0CE829D1BE6600C0FACF /* UIImage+RawBytes.swift in Sources */,
				18DE0CEF29D1BE6600C0FACF /* CGImage+RawBytes.swift in Sources */,
				18DE0CE429D1BE6600C0FACF /* UIImage+CVPixelBuffer.swift in Sources */,
				18DE0CE529D1BE6600C0FACF /* Predictions.swift in Sources */,
				18DE0CBA29D1BAF500C0FACF /* AppDelegate.swift in Sources */,
				18DE0CF229D1BE6600C0FACF /* CVPixelBuffer+Rotate.swift in Sources */,
				18D7660229D30194005AA047 /* segmentation_8bit.mlmodel in Sources */,
				18DE0CFA29D1E80400C0FACF /* UIImage+extension.swift in Sources */,
				18DE0CF029D1BE6600C0FACF /* MLMultiArray+Image.swift in Sources */,
				18DE0CCE29D1BC3600C0FACF /* DeepLabV3.mlmodel in Sources */,
				18DE0CE929D1BE6600C0FACF /* MLMultiArray+Helpers.swift in Sources */,
				18DE0CF129D1BE6600C0FACF /* CVPixelBuffer+Resize.swift in Sources */,
				18DE0CE229D1BE6600C0FACF /* Array+Extensions.swift in Sources */,
				18DE0CEB29D1BE6600C0FACF /* CoreML+Combine.swift in Sources */,
				18DE0CE329D1BE6600C0FACF /* Math.swift in Sources */,
				18DE0CEA29D1BE6600C0FACF /* MLModel+Images.swift in Sources */,
				18DE0CE629D1BE6600C0FACF /* UIImage+Extensions.swift in Sources */,
				18DE0CF629D1C2EC00C0FACF /* CIImage+Extensions.swift in Sources */,
				18DE0CEE29D1BE6600C0FACF /* NonMaxSuppression.swift in Sources */,
				18DE0CEC29D1BE6600C0FACF /* CVPixelBuffer+Create.swift in Sources */,
			);
			runOnlyForDeploymentPostprocessing = 0;
		};
/* End PBXSourcesBuildPhase section */

/* Begin PBXVariantGroup section */
		18DE0CC429D1BAF700C0FACF /* LaunchScreen.storyboard */ = {
			isa = PBXVariantGroup;
			children = (
				18DE0CC529D1BAF700C0FACF /* Base */,
			);
			name = LaunchScreen.storyboard;
			sourceTree = "<group>";
		};
/* End PBXVariantGroup section */

/* Begin XCBuildConfiguration section */
		18DE0CC829D1BAF700C0FACF /* Debug */ = {
			isa = XCBuildConfiguration;
			buildSettings = {
				ALWAYS_SEARCH_USER_PATHS = NO;
				CLANG_ANALYZER_NONNULL = YES;
				CLANG_ANALYZER_NUMBER_OBJECT_CONVERSION = YES_AGGRESSIVE;
				CLANG_CXX_LANGUAGE_STANDARD = "gnu++20";
				CLANG_ENABLE_MODULES = YES;
				CLANG_ENABLE_OBJC_ARC = YES;
				CLANG_ENABLE_OBJC_WEAK = YES;
				CLANG_WARN_BLOCK_CAPTURE_AUTORELEASING = YES;
				CLANG_WARN_BOOL_CONVERSION = YES;
				CLANG_WARN_COMMA = YES;
				CLANG_WARN_CONSTANT_CONVERSION = YES;
				CLANG_WARN_DEPRECATED_OBJC_IMPLEMENTATIONS = YES;
				CLANG_WARN_DIRECT_OBJC_ISA_USAGE = YES_ERROR;
				CLANG_WARN_DOCUMENTATION_COMMENTS = YES;
				CLANG_WARN_EMPTY_BODY = YES;
				CLANG_WARN_ENUM_CONVERSION = YES;
				CLANG_WARN_INFINITE_RECURSION = YES;
				CLANG_WARN_INT_CONVERSION = YES;
				CLANG_WARN_NON_LITERAL_NULL_CONVERSION = YES;
				CLANG_WARN_OBJC_IMPLICIT_RETAIN_SELF = YES;
				CLANG_WARN_OBJC_LITERAL_CONVERSION = YES;
				CLANG_WARN_OBJC_ROOT_CLASS = YES_ERROR;
				CLANG_WARN_QUOTED_INCLUDE_IN_FRAMEWORK_HEADER = YES;
				CLANG_WARN_RANGE_LOOP_ANALYSIS = YES;
				CLANG_WARN_STRICT_PROTOTYPES = YES;
				CLANG_WARN_SUSPICIOUS_MOVE = YES;
				CLANG_WARN_UNGUARDED_AVAILABILITY = YES_AGGRESSIVE;
				CLANG_WARN_UNREACHABLE_CODE = YES;
				CLANG_WARN__DUPLICATE_METHOD_MATCH = YES;
				COPY_PHASE_STRIP = NO;
				DEBUG_INFORMATION_FORMAT = dwarf;
				ENABLE_STRICT_OBJC_MSGSEND = YES;
				ENABLE_TESTABILITY = YES;
				GCC_C_LANGUAGE_STANDARD = gnu11;
				GCC_DYNAMIC_NO_PIC = NO;
				GCC_NO_COMMON_BLOCKS = YES;
				GCC_OPTIMIZATION_LEVEL = 0;
				GCC_PREPROCESSOR_DEFINITIONS = (
					"DEBUG=1",
					"$(inherited)",
				);
				GCC_WARN_64_TO_32_BIT_CONVERSION = YES;
				GCC_WARN_ABOUT_RETURN_TYPE = YES_ERROR;
				GCC_WARN_UNDECLARED_SELECTOR = YES;
				GCC_WARN_UNINITIALIZED_AUTOS = YES_AGGRESSIVE;
				GCC_WARN_UNUSED_FUNCTION = YES;
				GCC_WARN_UNUSED_VARIABLE = YES;
				IPHONEOS_DEPLOYMENT_TARGET = 16.2;
				MTL_ENABLE_DEBUG_INFO = INCLUDE_SOURCE;
				MTL_FAST_MATH = YES;
				ONLY_ACTIVE_ARCH = YES;
				SDKROOT = iphoneos;
				SWIFT_ACTIVE_COMPILATION_CONDITIONS = DEBUG;
				SWIFT_OPTIMIZATION_LEVEL = "-Onone";
			};
			name = Debug;
		};
		18DE0CC929D1BAF700C0FACF /* Release */ = {
			isa = XCBuildConfiguration;
			buildSettings = {
				ALWAYS_SEARCH_USER_PATHS = NO;
				CLANG_ANALYZER_NONNULL = YES;
				CLANG_ANALYZER_NUMBER_OBJECT_CONVERSION = YES_AGGRESSIVE;
				CLANG_CXX_LANGUAGE_STANDARD = "gnu++20";
				CLANG_ENABLE_MODULES = YES;
				CLANG_ENABLE_OBJC_ARC = YES;
				CLANG_ENABLE_OBJC_WEAK = YES;
				CLANG_WARN_BLOCK_CAPTURE_AUTORELEASING = YES;
				CLANG_WARN_BOOL_CONVERSION = YES;
				CLANG_WARN_COMMA = YES;
				CLANG_WARN_CONSTANT_CONVERSION = YES;
				CLANG_WARN_DEPRECATED_OBJC_IMPLEMENTATIONS = YES;
				CLANG_WARN_DIRECT_OBJC_ISA_USAGE = YES_ERROR;
				CLANG_WARN_DOCUMENTATION_COMMENTS = YES;
				CLANG_WARN_EMPTY_BODY = YES;
				CLANG_WARN_ENUM_CONVERSION = YES;
				CLANG_WARN_INFINITE_RECURSION = YES;
				CLANG_WARN_INT_CONVERSION = YES;
				CLANG_WARN_NON_LITERAL_NULL_CONVERSION = YES;
				CLANG_WARN_OBJC_IMPLICIT_RETAIN_SELF = YES;
				CLANG_WARN_OBJC_LITERAL_CONVERSION = YES;
				CLANG_WARN_OBJC_ROOT_CLASS = YES_ERROR;
				CLANG_WARN_QUOTED_INCLUDE_IN_FRAMEWORK_HEADER = YES;
				CLANG_WARN_RANGE_LOOP_ANALYSIS = YES;
				CLANG_WARN_STRICT_PROTOTYPES = YES;
				CLANG_WARN_SUSPICIOUS_MOVE = YES;
				CLANG_WARN_UNGUARDED_AVAILABILITY = YES_AGGRESSIVE;
				CLANG_WARN_UNREACHABLE_CODE = YES;
				CLANG_WARN__DUPLICATE_METHOD_MATCH = YES;
				COPY_PHASE_STRIP = NO;
				DEBUG_INFORMATION_FORMAT = "dwarf-with-dsym";
				ENABLE_NS_ASSERTIONS = NO;
				ENABLE_STRICT_OBJC_MSGSEND = YES;
				GCC_C_LANGUAGE_STANDARD = gnu11;
				GCC_NO_COMMON_BLOCKS = YES;
				GCC_WARN_64_TO_32_BIT_CONVERSION = YES;
				GCC_WARN_ABOUT_RETURN_TYPE = YES_ERROR;
				GCC_WARN_UNDECLARED_SELECTOR = YES;
				GCC_WARN_UNINITIALIZED_AUTOS = YES_AGGRESSIVE;
				GCC_WARN_UNUSED_FUNCTION = YES;
				GCC_WARN_UNUSED_VARIABLE = YES;
				IPHONEOS_DEPLOYMENT_TARGET = 16.2;
				MTL_ENABLE_DEBUG_INFO = NO;
				MTL_FAST_MATH = YES;
				SDKROOT = iphoneos;
				SWIFT_COMPILATION_MODE = wholemodule;
				SWIFT_OPTIMIZATION_LEVEL = "-O";
				VALIDATE_PRODUCT = YES;
			};
			name = Release;
		};
		18DE0CCB29D1BAF700C0FACF /* Debug */ = {
			isa = XCBuildConfiguration;
			buildSettings = {
				ASSETCATALOG_COMPILER_APPICON_NAME = AppIcon;
				ASSETCATALOG_COMPILER_GLOBAL_ACCENT_COLOR_NAME = AccentColor;
				CODE_SIGN_STYLE = Automatic;
				CURRENT_PROJECT_VERSION = 1;
				DEVELOPMENT_TEAM = 8Y6H5QR6S6;
				FRAMEWORK_SEARCH_PATHS = (
					"$(inherited)",
					"$(PROJECT_DIR)/CoreMLTestApp/PhotoEditorSDK",
				);
				GENERATE_INFOPLIST_FILE = YES;
				INFOPLIST_FILE = CoreMLTestApp/Info.plist;
				INFOPLIST_KEY_UIApplicationSupportsIndirectInputEvents = YES;
				INFOPLIST_KEY_UILaunchStoryboardName = LaunchScreen;
				INFOPLIST_KEY_UIMainStoryboardFile = "";
				INFOPLIST_KEY_UISupportedInterfaceOrientations_iPad = "UIInterfaceOrientationPortrait UIInterfaceOrientationPortraitUpsideDown UIInterfaceOrientationLandscapeLeft UIInterfaceOrientationLandscapeRight";
				INFOPLIST_KEY_UISupportedInterfaceOrientations_iPhone = "UIInterfaceOrientationPortrait UIInterfaceOrientationLandscapeLeft UIInterfaceOrientationLandscapeRight";
				LD_RUNPATH_SEARCH_PATHS = (
					"$(inherited)",
					"@executable_path/Frameworks",
				);
				MARKETING_VERSION = 1.0;
				PRODUCT_BUNDLE_IDENTIFIER = mbfuji01.CoreMLTestApp;
				PRODUCT_NAME = "$(TARGET_NAME)";
				SWIFT_EMIT_LOC_STRINGS = YES;
				SWIFT_VERSION = 5.0;
				TARGETED_DEVICE_FAMILY = "1,2";
			};
			name = Debug;
		};
		18DE0CCC29D1BAF700C0FACF /* Release */ = {
			isa = XCBuildConfiguration;
			buildSettings = {
				ASSETCATALOG_COMPILER_APPICON_NAME = AppIcon;
				ASSETCATALOG_COMPILER_GLOBAL_ACCENT_COLOR_NAME = AccentColor;
				CODE_SIGN_STYLE = Automatic;
				CURRENT_PROJECT_VERSION = 1;
				DEVELOPMENT_TEAM = 8Y6H5QR6S6;
				FRAMEWORK_SEARCH_PATHS = (
					"$(inherited)",
					"$(PROJECT_DIR)/CoreMLTestApp/PhotoEditorSDK",
				);
				GENERATE_INFOPLIST_FILE = YES;
				INFOPLIST_FILE = CoreMLTestApp/Info.plist;
				INFOPLIST_KEY_UIApplicationSupportsIndirectInputEvents = YES;
				INFOPLIST_KEY_UILaunchStoryboardName = LaunchScreen;
				INFOPLIST_KEY_UIMainStoryboardFile = "";
				INFOPLIST_KEY_UISupportedInterfaceOrientations_iPad = "UIInterfaceOrientationPortrait UIInterfaceOrientationPortraitUpsideDown UIInterfaceOrientationLandscapeLeft UIInterfaceOrientationLandscapeRight";
				INFOPLIST_KEY_UISupportedInterfaceOrientations_iPhone = "UIInterfaceOrientationPortrait UIInterfaceOrientationLandscapeLeft UIInterfaceOrientationLandscapeRight";
				LD_RUNPATH_SEARCH_PATHS = (
					"$(inherited)",
					"@executable_path/Frameworks",
				);
				MARKETING_VERSION = 1.0;
				PRODUCT_BUNDLE_IDENTIFIER = mbfuji01.CoreMLTestApp;
				PRODUCT_NAME = "$(TARGET_NAME)";
				SWIFT_EMIT_LOC_STRINGS = YES;
				SWIFT_VERSION = 5.0;
				TARGETED_DEVICE_FAMILY = "1,2";
			};
			name = Release;
		};
/* End XCBuildConfiguration section */

/* Begin XCConfigurationList section */
		18DE0CB129D1BAF500C0FACF /* Build configuration list for PBXProject "CoreMLTestApp" */ = {
			isa = XCConfigurationList;
			buildConfigurations = (
				18DE0CC829D1BAF700C0FACF /* Debug */,
				18DE0CC929D1BAF700C0FACF /* Release */,
			);
			defaultConfigurationIsVisible = 0;
			defaultConfigurationName = Release;
		};
		18DE0CCA29D1BAF700C0FACF /* Build configuration list for PBXNativeTarget "CoreMLTestApp" */ = {
			isa = XCConfigurationList;
			buildConfigurations = (
				18DE0CCB29D1BAF700C0FACF /* Debug */,
				18DE0CCC29D1BAF700C0FACF /* Release */,
			);
			defaultConfigurationIsVisible = 0;
			defaultConfigurationName = Release;
		};
/* End XCConfigurationList section */
	};
	rootObject = 18DE0CAE29D1BAF500C0FACF /* Project object */;
}
